
Microsoft Visual Studio Solution File, Format Version 12.00
# Visual Studio Version 17
VisualStudioVersion = 17.0.31903.59
MinimumVisualStudioVersion = 10.0.40219.1
Project("{FAE04EC0-301F-11D3-BF4B-00C04F79EFBC}") = "TEST", "TEST\TEST.csproj", "{B5521D84-4EE5-4D29-A0E6-4E26E71B7587}"
EndProject
Project("{FAE04EC0-301F-11D3-BF4B-00C04F79EFBC}") = "БИБЛИОТЕКА +БАЛЛ", "БИБЛИОТЕКА +БАЛЛ\БИБЛИОТЕКА +БАЛЛ.csproj", "{6A921E13-6E13-4A9B-BC2A-500B3477E7B5}"
EndProject
Project("{FAE04EC0-301F-11D3-BF4B-00C04F79EFBC}") = "UNIT TESTS!!!", "UNIT TESTS!!!\UNIT TESTS!!!.csproj", "{2C136203-62E5-4625-987E-8A30FF8A8928}"
EndProject
Global
	GlobalSection(SolutionConfigurationPlatforms) = preSolution
		Debug|Any CPU = Debug|Any CPU
		Release|Any CPU = Release|Any CPU
	EndGlobalSection
	GlobalSection(ProjectConfigurationPlatforms) = postSolution
		{B5521D84-4EE5-4D29-A0E6-4E26E71B7587}.Debug|Any CPU.ActiveCfg = Debug|Any CPU
		{B5521D84-4EE5-4D29-A0E6-4E26E71B7587}.Debug|Any CPU.Build.0 = Debug|Any CPU
		{B5521D84-4EE5-4D29-A0E6-4E26E71B7587}.Release|Any CPU.ActiveCfg = Release|Any CPU
		{B5521D84-4EE5-4D29-A0E6-4E26E71B7587}.Release|Any CPU.Build.0 = Release|Any CPU
		{6A921E13-6E13-4A9B-BC2A-500B3477E7B5}.Debug|Any CPU.ActiveCfg = Debug|Any CPU
		{6A921E13-6E13-4A9B-BC2A-500B3477E7B5}.Debug|Any CPU.Build.0 = Debug|Any CPU
		{6A921E13-6E13-4A9B-BC2A-500B3477E7B5}.Release|Any CPU.ActiveCfg = Release|Any CPU
		{6A921E13-6E13-4A9B-BC2A-500B3477E7B5}.Release|Any CPU.Build.0 = Release|Any CPU
		{2C136203-62E5-4625-987E-8A30FF8A8928}.Debug|Any CPU.ActiveCfg = Debug|Any CPU
		{2C136203-62E5-4625-987E-8A30FF8A8928}.Debug|Any CPU.Build.0 = Debug|Any CPU
		{2C136203-62E5-4625-987E-8A30FF8A8928}.Release|Any CPU.ActiveCfg = Release|Any CPU
		{2C136203-62E5-4625-987E-8A30FF8A8928}.Release|Any CPU.Build.0 = Release|Any CPU
	EndGlobalSection
	GlobalSection(SolutionProperties) = preSolution
		HideSolutionNode = FALSE
	EndGlobalSection
	GlobalSection(ExtensibilityGlobals) = postSolution
		SolutionGuid = {73FA7823-02CD-41BA-8680-EC69D263D38D}
	EndGlobalSection
EndGlobal
